
Microsoft Visual Studio Solution File, Format Version 12.00
# Visual Studio Version 17
VisualStudioVersion = 17.6.33717.318
MinimumVisualStudioVersion = 10.0.40219.1
Project("{9A19103F-16F7-4668-BE54-9A1E7A4F7556}") = "MS.Cadastro", "MS.Cadastro\MS.Cadastro.csproj", "{932B153C-725B-45E9-A209-6222F284B209}"
EndProject
Project("{FAE04EC0-301F-11D3-BF4B-00C04F79EFBC}") = "MS.Pedidos", "MS.Pedidos\MS.Pedidos.csproj", "{E14C25DB-F383-4040-AD7D-E42021CDA62B}"
EndProject
Project("{FAE04EC0-301F-11D3-BF4B-00C04F79EFBC}") = "MS.Envios", "MS.Envios\MS.Envios.csproj", "{E192CFE8-C321-4FA2-9248-C0F93B35E601}"
EndProject
Project("{FAE04EC0-301F-11D3-BF4B-00C04F79EFBC}") = "MS.Pagamentos", "MS.Pagamentos\MS.Pagamentos.csproj", "{16269250-F555-46AB-96CB-4C334091DD11}"
EndProject
Project("{FAE04EC0-301F-11D3-BF4B-00C04F79EFBC}") = "MS.Emails", "MS.Emails\MS.Emails.csproj", "{60A7777A-906F-4665-8D78-CA7EEE325F55}"
EndProject
Global
	GlobalSection(SolutionConfigurationPlatforms) = preSolution
		Debug|Any CPU = Debug|Any CPU
		Release|Any CPU = Release|Any CPU
	EndGlobalSection
	GlobalSection(ProjectConfigurationPlatforms) = postSolution
		{932B153C-725B-45E9-A209-6222F284B209}.Debug|Any CPU.ActiveCfg = Debug|Any CPU
		{932B153C-725B-45E9-A209-6222F284B209}.Debug|Any CPU.Build.0 = Debug|Any CPU
		{932B153C-725B-45E9-A209-6222F284B209}.Release|Any CPU.ActiveCfg = Release|Any CPU
		{932B153C-725B-45E9-A209-6222F284B209}.Release|Any CPU.Build.0 = Release|Any CPU
		{E14C25DB-F383-4040-AD7D-E42021CDA62B}.Debug|Any CPU.ActiveCfg = Debug|Any CPU
		{E14C25DB-F383-4040-AD7D-E42021CDA62B}.Debug|Any CPU.Build.0 = Debug|Any CPU
		{E14C25DB-F383-4040-AD7D-E42021CDA62B}.Release|Any CPU.ActiveCfg = Release|Any CPU
		{E14C25DB-F383-4040-AD7D-E42021CDA62B}.Release|Any CPU.Build.0 = Release|Any CPU
		{E192CFE8-C321-4FA2-9248-C0F93B35E601}.Debug|Any CPU.ActiveCfg = Debug|Any CPU
		{E192CFE8-C321-4FA2-9248-C0F93B35E601}.Debug|Any CPU.Build.0 = Debug|Any CPU
		{E192CFE8-C321-4FA2-9248-C0F93B35E601}.Release|Any CPU.ActiveCfg = Release|Any CPU
		{E192CFE8-C321-4FA2-9248-C0F93B35E601}.Release|Any CPU.Build.0 = Release|Any CPU
		{16269250-F555-46AB-96CB-4C334091DD11}.Debug|Any CPU.ActiveCfg = Debug|Any CPU
		{16269250-F555-46AB-96CB-4C334091DD11}.Debug|Any CPU.Build.0 = Debug|Any CPU
		{16269250-F555-46AB-96CB-4C334091DD11}.Release|Any CPU.ActiveCfg = Release|Any CPU
		{16269250-F555-46AB-96CB-4C334091DD11}.Release|Any CPU.Build.0 = Release|Any CPU
		{60A7777A-906F-4665-8D78-CA7EEE325F55}.Debug|Any CPU.ActiveCfg = Debug|Any CPU
		{60A7777A-906F-4665-8D78-CA7EEE325F55}.Debug|Any CPU.Build.0 = Debug|Any CPU
		{60A7777A-906F-4665-8D78-CA7EEE325F55}.Release|Any CPU.ActiveCfg = Release|Any CPU
		{60A7777A-906F-4665-8D78-CA7EEE325F55}.Release|Any CPU.Build.0 = Release|Any CPU
	EndGlobalSection
	GlobalSection(SolutionProperties) = preSolution
		HideSolutionNode = FALSE
	EndGlobalSection
	GlobalSection(ExtensibilityGlobals) = postSolution
		SolutionGuid = {C80953C5-00CC-487D-BE1D-5D8591594D8B}
	EndGlobalSection
EndGlobal
